
Microsoft Visual Studio Solution File, Format Version 12.00
# Visual Studio Version 17
VisualStudioVersion = 17.9.34607.119
MinimumVisualStudioVersion = 10.0.40219.1
Project("{FAE04EC0-301F-11D3-BF4B-00C04F79EFBC}") = "2024_03_14", "2024_03_14.csproj", "{ADB73194-D0E1-496F-81E0-A5161DE29730}"
EndProject
Global
	GlobalSection(SolutionConfigurationPlatforms) = preSolution
		Debug|Any CPU = Debug|Any CPU
		Release|Any CPU = Release|Any CPU
	EndGlobalSection
	GlobalSection(ProjectConfigurationPlatforms) = postSolution
		{ADB73194-D0E1-496F-81E0-A5161DE29730}.Debug|Any CPU.ActiveCfg = Debug|Any CPU
		{ADB73194-D0E1-496F-81E0-A5161DE29730}.Debug|Any CPU.Build.0 = Debug|Any CPU
		{ADB73194-D0E1-496F-81E0-A5161DE29730}.Release|Any CPU.ActiveCfg = Release|Any CPU
		{ADB73194-D0E1-496F-81E0-A5161DE29730}.Release|Any CPU.Build.0 = Release|Any CPU
	EndGlobalSection
	GlobalSection(SolutionProperties) = preSolution
		HideSolutionNode = FALSE
	EndGlobalSection
	GlobalSection(ExtensibilityGlobals) = postSolution
		SolutionGuid = {BDEE1085-337D-457E-8955-8A94B9641328}
	EndGlobalSection
EndGlobal
